
Microsoft Visual Studio Solution File, Format Version 12.00
# Visual Studio Version 17
VisualStudioVersion = 17.6.33723.286
MinimumVisualStudioVersion = 10.0.40219.1
Project("{FAE04EC0-301F-11D3-BF4B-00C04F79EFBC}") = "MagicVilla_VillaAPI", "MagicVilla_VillaAPI\MagicVilla_VillaAPI.csproj", "{05BD3404-B822-4DEA-8366-9831C0B1D0BA}"
EndProject
Global
	GlobalSection(SolutionConfigurationPlatforms) = preSolution
		Debug|Any CPU = Debug|Any CPU
		Release|Any CPU = Release|Any CPU
	EndGlobalSection
	GlobalSection(ProjectConfigurationPlatforms) = postSolution
		{05BD3404-B822-4DEA-8366-9831C0B1D0BA}.Debug|Any CPU.ActiveCfg = Debug|Any CPU
		{05BD3404-B822-4DEA-8366-9831C0B1D0BA}.Debug|Any CPU.Build.0 = Debug|Any CPU
		{05BD3404-B822-4DEA-8366-9831C0B1D0BA}.Release|Any CPU.ActiveCfg = Release|Any CPU
		{05BD3404-B822-4DEA-8366-9831C0B1D0BA}.Release|Any CPU.Build.0 = Release|Any CPU
	EndGlobalSection
	GlobalSection(SolutionProperties) = preSolution
		HideSolutionNode = FALSE
	EndGlobalSection
	GlobalSection(ExtensibilityGlobals) = postSolution
		SolutionGuid = {9FA0095B-BC96-45C5-9E46-9DBCDE5E77B1}
	EndGlobalSection
EndGlobal
